// !$*UTF8*$!
{
	archiveVersion = 1;
	classes = {
	};
	objectVersion = 46;
	objects = {

/* Begin PBXBuildFile section */
		4A0491A71ECE7051006F22A2 /* TasksViewController.swift in Sources */ = {isa = PBXBuildFile; fileRef = 4A0491A61ECE7051006F22A2 /* TasksViewController.swift */; };
		4A0491A91ECE815C006F22A2 /* AddTaskViewController.swift in Sources */ = {isa = PBXBuildFile; fileRef = 4A0491A81ECE815C006F22A2 /* AddTaskViewController.swift */; };
		4A2099EC1EDF81C9006F8860 /* ToDo.xcdatamodeld in Sources */ = {isa = PBXBuildFile; fileRef = 4A2099EA1EDF81C9006F8860 /* ToDo.xcdatamodeld */; };
		4AE0C4981ECE49B100B68941 /* AppDelegate.swift in Sources */ = {isa = PBXBuildFile; fileRef = 4AE0C4971ECE49B100B68941 /* AppDelegate.swift */; };
		4AE0C49A1ECE49B100B68941 /* ListsViewController.swift in Sources */ = {isa = PBXBuildFile; fileRef = 4AE0C4991ECE49B100B68941 /* ListsViewController.swift */; };
		4AE0C49D1ECE49B100B68941 /* Main.storyboard in Resources */ = {isa = PBXBuildFile; fileRef = 4AE0C49B1ECE49B100B68941 /* Main.storyboard */; };
		4AE0C4A21ECE49B100B68941 /* Assets.xcassets in Resources */ = {isa = PBXBuildFile; fileRef = 4AE0C4A11ECE49B100B68941 /* Assets.xcassets */; };
		4AE0C4A51ECE49B100B68941 /* LaunchScreen.storyboard in Resources */ = {isa = PBXBuildFile; fileRef = 4AE0C4A31ECE49B100B68941 /* LaunchScreen.storyboard */; };
		4AE3E3561EE214B20090D6E7 /* ViewControllerExtension.swift in Sources */ = {isa = PBXBuildFile; fileRef = 4AE3E3551EE214B20090D6E7 /* ViewControllerExtension.swift */; };
		4AF09B501ECE59540073214B /* AddListViewController.swift in Sources */ = {isa = PBXBuildFile; fileRef = 4AF09B4F1ECE59540073214B /* AddListViewController.swift */; };
		4AF09B521ECE5DC60073214B /* TheList.swift in Sources */ = {isa = PBXBuildFile; fileRef = 4AF09B511ECE5DC60073214B /* TheList.swift */; };
/* End PBXBuildFile section */

/* Begin PBXFileReference section */
		4A0491A61ECE7051006F22A2 /* TasksViewController.swift */ = {isa = PBXFileReference; fileEncoding = 4; lastKnownFileType = sourcecode.swift; path = TasksViewController.swift; sourceTree = "<group>"; };
		4A0491A81ECE815C006F22A2 /* AddTaskViewController.swift */ = {isa = PBXFileReference; fileEncoding = 4; lastKnownFileType = sourcecode.swift; path = AddTaskViewController.swift; sourceTree = "<group>"; };
		4A2099EB1EDF81C9006F8860 /* ToDo.xcdatamodel */ = {isa = PBXFileReference; lastKnownFileType = wrapper.xcdatamodel; path = ToDo.xcdatamodel; sourceTree = "<group>"; };
		4AE0C4941ECE49B100B68941 /* ToDo.app */ = {isa = PBXFileReference; explicitFileType = wrapper.application; includeInIndex = 0; path = ToDo.app; sourceTree = BUILT_PRODUCTS_DIR; };
		4AE0C4971ECE49B100B68941 /* AppDelegate.swift */ = {isa = PBXFileReference; lastKnownFileType = sourcecode.swift; path = AppDelegate.swift; sourceTree = "<group>"; };
		4AE0C4991ECE49B100B68941 /* ListsViewController.swift */ = {isa = PBXFileReference; lastKnownFileType = sourcecode.swift; path = ListsViewController.swift; sourceTree = "<group>"; };
		4AE0C49C1ECE49B100B68941 /* Base */ = {isa = PBXFileReference; lastKnownFileType = file.storyboard; name = Base; path = Base.lproj/Main.storyboard; sourceTree = "<group>"; };
		4AE0C4A11ECE49B100B68941 /* Assets.xcassets */ = {isa = PBXFileReference; lastKnownFileType = folder.assetcatalog; path = Assets.xcassets; sourceTree = "<group>"; };
		4AE0C4A41ECE49B100B68941 /* Base */ = {isa = PBXFileReference; lastKnownFileType = file.storyboard; name = Base; path = Base.lproj/LaunchScreen.storyboard; sourceTree = "<group>"; };
		4AE0C4A61ECE49B100B68941 /* Info.plist */ = {isa = PBXFileReference; lastKnownFileType = text.plist.xml; path = Info.plist; sourceTree = "<group>"; };
		4AE3E3551EE214B20090D6E7 /* ViewControllerExtension.swift */ = {isa = PBXFileReference; fileEncoding = 4; lastKnownFileType = sourcecode.swift; path = ViewControllerExtension.swift; sourceTree = "<group>"; };
		4AF09B4F1ECE59540073214B /* AddListViewController.swift */ = {isa = PBXFileReference; fileEncoding = 4; lastKnownFileType = sourcecode.swift; path = AddListViewController.swift; sourceTree = "<group>"; };
		4AF09B511ECE5DC60073214B /* TheList.swift */ = {isa = PBXFileReference; fileEncoding = 4; lastKnownFileType = sourcecode.swift; path = TheList.swift; sourceTree = "<group>"; };
/* End PBXFileReference section */

/* Begin PBXFrameworksBuildPhase section */
		4AE0C4911ECE49B100B68941 /* Frameworks */ = {
			isa = PBXFrameworksBuildPhase;
			buildActionMask = 2147483647;
			files = (
			);
			runOnlyForDeploymentPostprocessing = 0;
		};
/* End PBXFrameworksBuildPhase section */

/* Begin PBXGroup section */
		4AE0C48B1ECE49B100B68941 = {
			isa = PBXGroup;
			children = (
				4AE0C4961ECE49B100B68941 /* ToDo */,
				4AE0C4951ECE49B100B68941 /* Products */,
			);
			sourceTree = "<group>";
		};
		4AE0C4951ECE49B100B68941 /* Products */ = {
			isa = PBXGroup;
			children = (
				4AE0C4941ECE49B100B68941 /* ToDo.app */,
			);
			name = Products;
			sourceTree = "<group>";
		};
		4AE0C4961ECE49B100B68941 /* ToDo */ = {
			isa = PBXGroup;
			children = (
				4AE0C4971ECE49B100B68941 /* AppDelegate.swift */,
				4AF09B511ECE5DC60073214B /* TheList.swift */,
				4AE3E3551EE214B20090D6E7 /* ViewControllerExtension.swift */,
				4AE0C4991ECE49B100B68941 /* ListsViewController.swift */,
				4AF09B4F1ECE59540073214B /* AddListViewController.swift */,
				4A0491A61ECE7051006F22A2 /* TasksViewController.swift */,
				4A0491A81ECE815C006F22A2 /* AddTaskViewController.swift */,
				4AE0C49B1ECE49B100B68941 /* Main.storyboard */,
				4AE0C4A31ECE49B100B68941 /* LaunchScreen.storyboard */,
				4A2099EA1EDF81C9006F8860 /* ToDo.xcdatamodeld */,
				4AE0C4A61ECE49B100B68941 /* Info.plist */,
				4AE0C4A11ECE49B100B68941 /* Assets.xcassets */,
			);
			path = ToDo;
			sourceTree = "<group>";
		};
/* End PBXGroup section */

/* Begin PBXNativeTarget section */
		4AE0C4931ECE49B100B68941 /* ToDo */ = {
			isa = PBXNativeTarget;
			buildConfigurationList = 4AE0C4A91ECE49B100B68941 /* Build configuration list for PBXNativeTarget "ToDo" */;
			buildPhases = (
				4AE0C4901ECE49B100B68941 /* Sources */,
				4AE0C4911ECE49B100B68941 /* Frameworks */,
				4AE0C4921ECE49B100B68941 /* Resources */,
			);
			buildRules = (
			);
			dependencies = (
			);
			name = ToDo;
			productName = ToDo;
			productReference = 4AE0C4941ECE49B100B68941 /* ToDo.app */;
			productType = "com.apple.product-type.application";
		};
/* End PBXNativeTarget section */

/* Begin PBXProject section */
		4AE0C48C1ECE49B100B68941 /* Project object */ = {
			isa = PBXProject;
			attributes = {
				LastSwiftUpdateCheck = 0830;
				LastUpgradeCheck = 0830;
				ORGANIZATIONNAME = "Kyle Calvert";
				TargetAttributes = {
					4AE0C4931ECE49B100B68941 = {
						CreatedOnToolsVersion = 8.3.2;
						ProvisioningStyle = Automatic;
					};
				};
			};
			buildConfigurationList = 4AE0C48F1ECE49B100B68941 /* Build configuration list for PBXProject "ToDo" */;
			compatibilityVersion = "Xcode 3.2";
			developmentRegion = English;
			hasScannedForEncodings = 0;
			knownRegions = (
				en,
				Base,
			);
			mainGroup = 4AE0C48B1ECE49B100B68941;
			productRefGroup = 4AE0C4951ECE49B100B68941 /* Products */;
			projectDirPath = "";
			projectRoot = "";
			targets = (
				4AE0C4931ECE49B100B68941 /* ToDo */,
			);
		};
/* End PBXProject section */

/* Begin PBXResourcesBuildPhase section */
		4AE0C4921ECE49B100B68941 /* Resources */ = {
			isa = PBXResourcesBuildPhase;
			buildActionMask = 2147483647;
			files = (
				4AE0C4A51ECE49B100B68941 /* LaunchScreen.storyboard in Resources */,
				4AE0C4A21ECE49B100B68941 /* Assets.xcassets in Resources */,
				4AE0C49D1ECE49B100B68941 /* Main.storyboard in Resources */,
			);
			runOnlyForDeploymentPostprocessing = 0;
		};
/* End PBXResourcesBuildPhase section */

/* Begin PBXSourcesBuildPhase section */
		4AE0C4901ECE49B100B68941 /* Sources */ = {
			isa = PBXSourcesBuildPhase;
			buildActionMask = 2147483647;
			files = (
				4AF09B501ECE59540073214B /* AddListViewController.swift in Sources */,
				4A0491A71ECE7051006F22A2 /* TasksViewController.swift in Sources */,
				4AF09B521ECE5DC60073214B /* TheList.swift in Sources */,
				4AE0C49A1ECE49B100B68941 /* ListsViewController.swift in Sources */,
				4AE3E3561EE214B20090D6E7 /* ViewControllerExtension.swift in Sources */,
				4A2099EC1EDF81C9006F8860 /* ToDo.xcdatamodeld in Sources */,
				4A0491A91ECE815C006F22A2 /* AddTaskViewController.swift in Sources */,
				4AE0C4981ECE49B100B68941 /* AppDelegate.swift in Sources */,
			);
			runOnlyForDeploymentPostprocessing = 0;
		};
/* End PBXSourcesBuildPhase section */

/* Begin PBXVariantGroup section */
		4AE0C49B1ECE49B100B68941 /* Main.storyboard */ = {
			isa = PBXVariantGroup;
			children = (
				4AE0C49C1ECE49B100B68941 /* Base */,
			);
			name = Main.storyboard;
			sourceTree = "<group>";
		};
		4AE0C4A31ECE49B100B68941 /* LaunchScreen.storyboard */ = {
			isa = PBXVariantGroup;
			children = (
				4AE0C4A41ECE49B100B68941 /* Base */,
			);
			name = LaunchScreen.storyboard;
			sourceTree = "<group>";
		};
/* End PBXVariantGroup section */

/* Begin XCBuildConfiguration section */
		4AE0C4A71ECE49B100B68941 /* Debug */ = {
			isa = XCBuildConfiguration;
			buildSettings = {
				ALWAYS_SEARCH_USER_PATHS = NO;
				CLANG_ANALYZER_NONNULL = YES;
				CLANG_ANALYZER_NUMBER_OBJECT_CONVERSION = YES_AGGRESSIVE;
				CLANG_CXX_LANGUAGE_STANDARD = "gnu++0x";
				CLANG_CXX_LIBRARY = "libc++";
				CLANG_ENABLE_MODULES = YES;
				CLANG_ENABLE_OBJC_ARC = YES;
				CLANG_WARN_BOOL_CONVERSION = YES;
				CLANG_WARN_CONSTANT_CONVERSION = YES;
				CLANG_WARN_DIRECT_OBJC_ISA_USAGE = YES_ERROR;
				CLANG_WARN_DOCUMENTATION_COMMENTS = YES;
				CLANG_WARN_EMPTY_BODY = YES;
				CLANG_WARN_ENUM_CONVERSION = YES;
				CLANG_WARN_INFINITE_RECURSION = YES;
				CLANG_WARN_INT_CONVERSION = YES;
				CLANG_WARN_OBJC_ROOT_CLASS = YES_ERROR;
				CLANG_WARN_SUSPICIOUS_MOVE = YES;
				CLANG_WARN_UNREACHABLE_CODE = YES;
				CLANG_WARN__DUPLICATE_METHOD_MATCH = YES;
				"CODE_SIGN_IDENTITY[sdk=iphoneos*]" = "iPhone Developer";
				COPY_PHASE_STRIP = NO;
				DEBUG_INFORMATION_FORMAT = dwarf;
				ENABLE_STRICT_OBJC_MSGSEND = YES;
				ENABLE_TESTABILITY = YES;
				GCC_C_LANGUAGE_STANDARD = gnu99;
				GCC_DYNAMIC_NO_PIC = NO;
				GCC_NO_COMMON_BLOCKS = YES;
				GCC_OPTIMIZATION_LEVEL = 0;
				GCC_PREPROCESSOR_DEFINITIONS = (
					"DEBUG=1",
					"$(inherited)",
				);
				GCC_WARN_64_TO_32_BIT_CONVERSION = YES;
				GCC_WARN_ABOUT_RETURN_TYPE = YES_ERROR;
				GCC_WARN_UNDECLARED_SELECTOR = YES;
				GCC_WARN_UNINITIALIZED_AUTOS = YES_AGGRESSIVE;
				GCC_WARN_UNUSED_FUNCTION = YES;
				GCC_WARN_UNUSED_VARIABLE = YES;
				IPHONEOS_DEPLOYMENT_TARGET = 10.3;
				MTL_ENABLE_DEBUG_INFO = YES;
				ONLY_ACTIVE_ARCH = YES;
				SDKROOT = iphoneos;
				SWIFT_ACTIVE_COMPILATION_CONDITIONS = DEBUG;
				SWIFT_OPTIMIZATION_LEVEL = "-Onone";
			};
			name = Debug;
		};
		4AE0C4A81ECE49B100B68941 /* Release */ = {
			isa = XCBuildConfiguration;
			buildSettings = {
				ALWAYS_SEARCH_USER_PATHS = NO;
				CLANG_ANALYZER_NONNULL = YES;
				CLANG_ANALYZER_NUMBER_OBJECT_CONVERSION = YES_AGGRESSIVE;
				CLANG_CXX_LANGUAGE_STANDARD = "gnu++0x";
				CLANG_CXX_LIBRARY = "libc++";
				CLANG_ENABLE_MODULES = YES;
				CLANG_ENABLE_OBJC_ARC = YES;
				CLANG_WARN_BOOL_CONVERSION = YES;
				CLANG_WARN_CONSTANT_CONVERSION = YES;
				CLANG_WARN_DIRECT_OBJC_ISA_USAGE = YES_ERROR;
				CLANG_WARN_DOCUMENTATION_COMMENTS = YES;
				CLANG_WARN_EMPTY_BODY = YES;
				CLANG_WARN_ENUM_CONVERSION = YES;
				CLANG_WARN_INFINITE_RECURSION = YES;
				CLANG_WARN_INT_CONVERSION = YES;
				CLANG_WARN_OBJC_ROOT_CLASS = YES_ERROR;
				CLANG_WARN_SUSPICIOUS_MOVE = YES;
				CLANG_WARN_UNREACHABLE_CODE = YES;
				CLANG_WARN__DUPLICATE_METHOD_MATCH = YES;
				"CODE_SIGN_IDENTITY[sdk=iphoneos*]" = "iPhone Developer";
				COPY_PHASE_STRIP = NO;
				DEBUG_INFORMATION_FORMAT = "dwarf-with-dsym";
				ENABLE_NS_ASSERTIONS = NO;
				ENABLE_STRICT_OBJC_MSGSEND = YES;
				GCC_C_LANGUAGE_STANDARD = gnu99;
				GCC_NO_COMMON_BLOCKS = YES;
				GCC_WARN_64_TO_32_BIT_CONVERSION = YES;
				GCC_WARN_ABOUT_RETURN_TYPE = YES_ERROR;
				GCC_WARN_UNDECLARED_SELECTOR = YES;
				GCC_WARN_UNINITIALIZED_AUTOS = YES_AGGRESSIVE;
				GCC_WARN_UNUSED_FUNCTION = YES;
				GCC_WARN_UNUSED_VARIABLE = YES;
				IPHONEOS_DEPLOYMENT_TARGET = 10.3;
				MTL_ENABLE_DEBUG_INFO = NO;
				SDKROOT = iphoneos;
				SWIFT_OPTIMIZATION_LEVEL = "-Owholemodule";
				VALIDATE_PRODUCT = YES;
			};
			name = Release;
		};
		4AE0C4AA1ECE49B100B68941 /* Debug */ = {
			isa = XCBuildConfiguration;
			buildSettings = {
				ASSETCATALOG_COMPILER_APPICON_NAME = AppIcon;
				INFOPLIST_FILE = ToDo/Info.plist;
				LD_RUNPATH_SEARCH_PATHS = "$(inherited) @executable_path/Frameworks";
				PRODUCT_BUNDLE_IDENTIFIER = com.kjscalvert.ToDo;
				PRODUCT_NAME = "$(TARGET_NAME)";
				SWIFT_VERSION = 3.0;
			};
			name = Debug;
		};
		4AE0C4AB1ECE49B100B68941 /* Release */ = {
			isa = XCBuildConfiguration;
			buildSettings = {
				ASSETCATALOG_COMPILER_APPICON_NAME = AppIcon;
				INFOPLIST_FILE = ToDo/Info.plist;
				LD_RUNPATH_SEARCH_PATHS = "$(inherited) @executable_path/Frameworks";
				PRODUCT_BUNDLE_IDENTIFIER = com.kjscalvert.ToDo;
				PRODUCT_NAME = "$(TARGET_NAME)";
				SWIFT_VERSION = 3.0;
			};
			name = Release;
		};
/* End XCBuildConfiguration section */

/* Begin XCConfigurationList section */
		4AE0C48F1ECE49B100B68941 /* Build configuration list for PBXProject "ToDo" */ = {
			isa = XCConfigurationList;
			buildConfigurations = (
				4AE0C4A71ECE49B100B68941 /* Debug */,
				4AE0C4A81ECE49B100B68941 /* Release */,
			);
			defaultConfigurationIsVisible = 0;
			defaultConfigurationName = Release;
		};
		4AE0C4A91ECE49B100B68941 /* Build configuration list for PBXNativeTarget "ToDo" */ = {
			isa = XCConfigurationList;
			buildConfigurations = (
				4AE0C4AA1ECE49B100B68941 /* Debug */,
				4AE0C4AB1ECE49B100B68941 /* Release */,
			);
			defaultConfigurationIsVisible = 0;
			defaultConfigurationName = Release;
		};
/* End XCConfigurationList section */

/* Begin XCVersionGroup section */
		4A2099EA1EDF81C9006F8860 /* ToDo.xcdatamodeld */ = {
			isa = XCVersionGroup;
			children = (
				4A2099EB1EDF81C9006F8860 /* ToDo.xcdatamodel */,
			);
			currentVersion = 4A2099EB1EDF81C9006F8860 /* ToDo.xcdatamodel */;
			path = ToDo.xcdatamodeld;
			sourceTree = "<group>";
			versionGroupType = wrapper.xcdatamodel;
		};
/* End XCVersionGroup section */
	};
	rootObject = 4AE0C48C1ECE49B100B68941 /* Project object */;
}
